
Microsoft Visual Studio Solution File, Format Version 12.00
# Visual Studio Version 16
VisualStudioVersion = 16.0.31313.79
MinimumVisualStudioVersion = 10.0.40219.1
Project("{FAE04EC0-301F-11D3-BF4B-00C04F79EFBC}") = "gun detector", "gun detector\gun detector.csproj", "{680D9CEE-D3A8-4E6D-B1F1-9C17B2F62CA6}"
EndProject
Global
	GlobalSection(SolutionConfigurationPlatforms) = preSolution
		Debug|Any CPU = Debug|Any CPU
		Release|Any CPU = Release|Any CPU
	EndGlobalSection
	GlobalSection(ProjectConfigurationPlatforms) = postSolution
		{680D9CEE-D3A8-4E6D-B1F1-9C17B2F62CA6}.Debug|Any CPU.ActiveCfg = Debug|Any CPU
		{680D9CEE-D3A8-4E6D-B1F1-9C17B2F62CA6}.Debug|Any CPU.Build.0 = Debug|Any CPU
		{680D9CEE-D3A8-4E6D-B1F1-9C17B2F62CA6}.Release|Any CPU.ActiveCfg = Release|Any CPU
		{680D9CEE-D3A8-4E6D-B1F1-9C17B2F62CA6}.Release|Any CPU.Build.0 = Release|Any CPU
	EndGlobalSection
	GlobalSection(SolutionProperties) = preSolution
		HideSolutionNode = FALSE
	EndGlobalSection
	GlobalSection(ExtensibilityGlobals) = postSolution
		SolutionGuid = {4247A19E-BBEF-4620-828D-6397E1E74869}
	EndGlobalSection
EndGlobal
